services:

    _defaults:
        autowire: true
        autoconfigure: true

    NetBS\CoreBundle\Block\LayoutManager:
        public: true

    NetBS\CoreBundle\Block\BlockManager:
        public: true

    NetBS\CoreBundle\Block\TemplateBlock:
        tags:
            - { name: netbs.block }

    NetBS\CoreBundle\Block\Layout\NetBSLayout:
        tags:
            - { name: netbs.block.layout }

    NetBS\CoreBundle\Block\BasicCardBlock:
        tags:
            - { name: netbs.block }

    NetBS\CoreBundle\Block\CardBlock:
        tags:
            - { name: netbs.block }

    NetBS\CoreBundle\Block\ListBlock:
        tags:
            - { name: netbs.block }

    NetBS\CoreBundle\Block\TabsCardBlock:
        tags:
            - { name: netbs.block }
